
Microsoft Visual Studio Solution File, Format Version 12.00
# Visual Studio Version 17
VisualStudioVersion = 17.0.31903.59
MinimumVisualStudioVersion = 10.0.40219.1
Project("{FAE04EC0-301F-11D3-BF4B-00C04F79EFBC}") = "ListingsService.Domain", "ListingsService.Domain\ListingsService.Domain.csproj", "{9155722A-BE38-40DE-8651-91DA658276BB}"
EndProject
Project("{FAE04EC0-301F-11D3-BF4B-00C04F79EFBC}") = "ListingsService.Application", "ListingsService.Application\ListingsService.Application.csproj", "{DCAF75CF-63DF-46E7-BE6C-D04B015BAFB2}"
EndProject
Project("{FAE04EC0-301F-11D3-BF4B-00C04F79EFBC}") = "ListingsService.Infrastructure", "ListingsService.Infrastructure\ListingsService.Infrastructure.csproj", "{FD9B46C7-5ABD-44E4-B7BE-551EAF5F885A}"
EndProject
Project("{FAE04EC0-301F-11D3-BF4B-00C04F79EFBC}") = "ListingsService.Api", "ListingsService.Api\ListingsService.Api.csproj", "{D86C8065-3244-4969-A545-EA65B2F1C7EE}"
EndProject
Global
	GlobalSection(SolutionConfigurationPlatforms) = preSolution
		Debug|Any CPU = Debug|Any CPU
		Debug|x64 = Debug|x64
		Debug|x86 = Debug|x86
		Release|Any CPU = Release|Any CPU
		Release|x64 = Release|x64
		Release|x86 = Release|x86
	EndGlobalSection
	GlobalSection(ProjectConfigurationPlatforms) = postSolution
		{9155722A-BE38-40DE-8651-91DA658276BB}.Debug|Any CPU.ActiveCfg = Debug|Any CPU
		{9155722A-BE38-40DE-8651-91DA658276BB}.Debug|Any CPU.Build.0 = Debug|Any CPU
		{9155722A-BE38-40DE-8651-91DA658276BB}.Debug|x64.ActiveCfg = Debug|Any CPU
		{9155722A-BE38-40DE-8651-91DA658276BB}.Debug|x64.Build.0 = Debug|Any CPU
		{9155722A-BE38-40DE-8651-91DA658276BB}.Debug|x86.ActiveCfg = Debug|Any CPU
		{9155722A-BE38-40DE-8651-91DA658276BB}.Debug|x86.Build.0 = Debug|Any CPU
		{9155722A-BE38-40DE-8651-91DA658276BB}.Release|Any CPU.ActiveCfg = Release|Any CPU
		{9155722A-BE38-40DE-8651-91DA658276BB}.Release|Any CPU.Build.0 = Release|Any CPU
		{9155722A-BE38-40DE-8651-91DA658276BB}.Release|x64.ActiveCfg = Release|Any CPU
		{9155722A-BE38-40DE-8651-91DA658276BB}.Release|x64.Build.0 = Release|Any CPU
		{9155722A-BE38-40DE-8651-91DA658276BB}.Release|x86.ActiveCfg = Release|Any CPU
		{9155722A-BE38-40DE-8651-91DA658276BB}.Release|x86.Build.0 = Release|Any CPU
		{DCAF75CF-63DF-46E7-BE6C-D04B015BAFB2}.Debug|Any CPU.ActiveCfg = Debug|Any CPU
		{DCAF75CF-63DF-46E7-BE6C-D04B015BAFB2}.Debug|Any CPU.Build.0 = Debug|Any CPU
		{DCAF75CF-63DF-46E7-BE6C-D04B015BAFB2}.Debug|x64.ActiveCfg = Debug|Any CPU
		{DCAF75CF-63DF-46E7-BE6C-D04B015BAFB2}.Debug|x64.Build.0 = Debug|Any CPU
		{DCAF75CF-63DF-46E7-BE6C-D04B015BAFB2}.Debug|x86.ActiveCfg = Debug|Any CPU
		{DCAF75CF-63DF-46E7-BE6C-D04B015BAFB2}.Debug|x86.Build.0 = Debug|Any CPU
		{DCAF75CF-63DF-46E7-BE6C-D04B015BAFB2}.Release|Any CPU.ActiveCfg = Release|Any CPU
		{DCAF75CF-63DF-46E7-BE6C-D04B015BAFB2}.Release|Any CPU.Build.0 = Release|Any CPU
		{DCAF75CF-63DF-46E7-BE6C-D04B015BAFB2}.Release|x64.ActiveCfg = Release|Any CPU
		{DCAF75CF-63DF-46E7-BE6C-D04B015BAFB2}.Release|x64.Build.0 = Release|Any CPU
		{DCAF75CF-63DF-46E7-BE6C-D04B015BAFB2}.Release|x86.ActiveCfg = Release|Any CPU
		{DCAF75CF-63DF-46E7-BE6C-D04B015BAFB2}.Release|x86.Build.0 = Release|Any CPU
		{FD9B46C7-5ABD-44E4-B7BE-551EAF5F885A}.Debug|Any CPU.ActiveCfg = Debug|Any CPU
		{FD9B46C7-5ABD-44E4-B7BE-551EAF5F885A}.Debug|Any CPU.Build.0 = Debug|Any CPU
		{FD9B46C7-5ABD-44E4-B7BE-551EAF5F885A}.Debug|x64.ActiveCfg = Debug|Any CPU
		{FD9B46C7-5ABD-44E4-B7BE-551EAF5F885A}.Debug|x64.Build.0 = Debug|Any CPU
		{FD9B46C7-5ABD-44E4-B7BE-551EAF5F885A}.Debug|x86.ActiveCfg = Debug|Any CPU
		{FD9B46C7-5ABD-44E4-B7BE-551EAF5F885A}.Debug|x86.Build.0 = Debug|Any CPU
		{FD9B46C7-5ABD-44E4-B7BE-551EAF5F885A}.Release|Any CPU.ActiveCfg = Release|Any CPU
		{FD9B46C7-5ABD-44E4-B7BE-551EAF5F885A}.Release|Any CPU.Build.0 = Release|Any CPU
		{FD9B46C7-5ABD-44E4-B7BE-551EAF5F885A}.Release|x64.ActiveCfg = Release|Any CPU
		{FD9B46C7-5ABD-44E4-B7BE-551EAF5F885A}.Release|x64.Build.0 = Release|Any CPU
		{FD9B46C7-5ABD-44E4-B7BE-551EAF5F885A}.Release|x86.ActiveCfg = Release|Any CPU
		{FD9B46C7-5ABD-44E4-B7BE-551EAF5F885A}.Release|x86.Build.0 = Release|Any CPU
		{D86C8065-3244-4969-A545-EA65B2F1C7EE}.Debug|Any CPU.ActiveCfg = Debug|Any CPU
		{D86C8065-3244-4969-A545-EA65B2F1C7EE}.Debug|Any CPU.Build.0 = Debug|Any CPU
		{D86C8065-3244-4969-A545-EA65B2F1C7EE}.Debug|x64.ActiveCfg = Debug|Any CPU
		{D86C8065-3244-4969-A545-EA65B2F1C7EE}.Debug|x64.Build.0 = Debug|Any CPU
		{D86C8065-3244-4969-A545-EA65B2F1C7EE}.Debug|x86.ActiveCfg = Debug|Any CPU
		{D86C8065-3244-4969-A545-EA65B2F1C7EE}.Debug|x86.Build.0 = Debug|Any CPU
		{D86C8065-3244-4969-A545-EA65B2F1C7EE}.Release|Any CPU.ActiveCfg = Release|Any CPU
		{D86C8065-3244-4969-A545-EA65B2F1C7EE}.Release|Any CPU.Build.0 = Release|Any CPU
		{D86C8065-3244-4969-A545-EA65B2F1C7EE}.Release|x64.ActiveCfg = Release|Any CPU
		{D86C8065-3244-4969-A545-EA65B2F1C7EE}.Release|x64.Build.0 = Release|Any CPU
		{D86C8065-3244-4969-A545-EA65B2F1C7EE}.Release|x86.ActiveCfg = Release|Any CPU
		{D86C8065-3244-4969-A545-EA65B2F1C7EE}.Release|x86.Build.0 = Release|Any CPU
	EndGlobalSection
	GlobalSection(SolutionProperties) = preSolution
		HideSolutionNode = FALSE
	EndGlobalSection
EndGlobal
